// !$*UTF8*$!
{
	archiveVersion = 1;
	classes = {
	};
	objectVersion = 46;
	objects = {

/* Begin PBXBuildFile section */
		67794F241CF737D400C15FEF /* AppDelegate.swift in Sources */ = {isa = PBXBuildFile; fileRef = 67794F231CF737D400C15FEF /* AppDelegate.swift */; };
		67794F261CF737D400C15FEF /* ViewController.swift in Sources */ = {isa = PBXBuildFile; fileRef = 67794F251CF737D400C15FEF /* ViewController.swift */; };
		67794F2B1CF737D400C15FEF /* Assets.xcassets in Resources */ = {isa = PBXBuildFile; fileRef = 67794F2A1CF737D400C15FEF /* Assets.xcassets */; };
		67794F2E1CF737D400C15FEF /* LaunchScreen.storyboard in Resources */ = {isa = PBXBuildFile; fileRef = 67794F2C1CF737D400C15FEF /* LaunchScreen.storyboard */; };
/* End PBXBuildFile section */

/* Begin PBXFileReference section */
		67794F201CF737D400C15FEF /* KeyboardScrollView.app */ = {isa = PBXFileReference; explicitFileType = wrapper.application; includeInIndex = 0; path = KeyboardScrollView.app; sourceTree = BUILT_PRODUCTS_DIR; };
		67794F231CF737D400C15FEF /* AppDelegate.swift */ = {isa = PBXFileReference; lastKnownFileType = sourcecode.swift; path = AppDelegate.swift; sourceTree = "<group>"; };
		67794F251CF737D400C15FEF /* ViewController.swift */ = {isa = PBXFileReference; lastKnownFileType = sourcecode.swift; path = ViewController.swift; sourceTree = "<group>"; };
		67794F2A1CF737D400C15FEF /* Assets.xcassets */ = {isa = PBXFileReference; lastKnownFileType = folder.assetcatalog; path = Assets.xcassets; sourceTree = "<group>"; };
		67794F2D1CF737D400C15FEF /* Base */ = {isa = PBXFileReference; lastKnownFileType = file.storyboard; name = Base; path = Base.lproj/LaunchScreen.storyboard; sourceTree = "<group>"; };
		67794F2F1CF737D400C15FEF /* Info.plist */ = {isa = PBXFileReference; lastKnownFileType = text.plist.xml; path = Info.plist; sourceTree = "<group>"; };
/* End PBXFileReference section */

/* Begin PBXFrameworksBuildPhase section */
		67794F1D1CF737D400C15FEF /* Frameworks */ = {
			isa = PBXFrameworksBuildPhase;
			buildActionMask = 2147483647;
			files = (
			);
			runOnlyForDeploymentPostprocessing = 0;
		};
/* End PBXFrameworksBuildPhase section */

/* Begin PBXGroup section */
		67794F171CF737D400C15FEF = {
			isa = PBXGroup;
			children = (
				67794F221CF737D400C15FEF /* KeyboardScrollView */,
				67794F211CF737D400C15FEF /* Products */,
			);
			sourceTree = "<group>";
		};
		67794F211CF737D400C15FEF /* Products */ = {
			isa = PBXGroup;
			children = (
				67794F201CF737D400C15FEF /* KeyboardScrollView.app */,
			);
			name = Products;
			sourceTree = "<group>";
		};
		67794F221CF737D400C15FEF /* KeyboardScrollView */ = {
			isa = PBXGroup;
			children = (
				67794F231CF737D400C15FEF /* AppDelegate.swift */,
				67794F251CF737D400C15FEF /* ViewController.swift */,
				67794F351CF739B900C15FEF /* other */,
			);
			path = KeyboardScrollView;
			sourceTree = "<group>";
		};
		67794F351CF739B900C15FEF /* other */ = {
			isa = PBXGroup;
			children = (
				67794F2F1CF737D400C15FEF /* Info.plist */,
				67794F2A1CF737D400C15FEF /* Assets.xcassets */,
				67794F2C1CF737D400C15FEF /* LaunchScreen.storyboard */,
			);
			name = other;
			sourceTree = "<group>";
		};
/* End PBXGroup section */

/* Begin PBXNativeTarget section */
		67794F1F1CF737D400C15FEF /* KeyboardScrollView */ = {
			isa = PBXNativeTarget;
			buildConfigurationList = 67794F321CF737D400C15FEF /* Build configuration list for PBXNativeTarget "KeyboardScrollView" */;
			buildPhases = (
				67794F1C1CF737D400C15FEF /* Sources */,
				67794F1D1CF737D400C15FEF /* Frameworks */,
				67794F1E1CF737D400C15FEF /* Resources */,
			);
			buildRules = (
			);
			dependencies = (
			);
			name = KeyboardScrollView;
			productName = KeyboardScrollView;
			productReference = 67794F201CF737D400C15FEF /* KeyboardScrollView.app */;
			productType = "com.apple.product-type.application";
		};
/* End PBXNativeTarget section */

/* Begin PBXProject section */
		67794F181CF737D400C15FEF /* Project object */ = {
			isa = PBXProject;
			attributes = {
				LastSwiftUpdateCheck = 0730;
				LastUpgradeCheck = 0730;
				ORGANIZATIONNAME = "Ethan Neff";
				TargetAttributes = {
					67794F1F1CF737D400C15FEF = {
						CreatedOnToolsVersion = 7.3.1;
					};
				};
			};
			buildConfigurationList = 67794F1B1CF737D400C15FEF /* Build configuration list for PBXProject "KeyboardScrollView" */;
			compatibilityVersion = "Xcode 3.2";
			developmentRegion = English;
			hasScannedForEncodings = 0;
			knownRegions = (
				en,
				Base,
			);
			mainGroup = 67794F171CF737D400C15FEF;
			productRefGroup = 67794F211CF737D400C15FEF /* Products */;
			projectDirPath = "";
			projectRoot = "";
			targets = (
				67794F1F1CF737D400C15FEF /* KeyboardScrollView */,
			);
		};
/* End PBXProject section */

/* Begin PBXResourcesBuildPhase section */
		67794F1E1CF737D400C15FEF /* Resources */ = {
			isa = PBXResourcesBuildPhase;
			buildActionMask = 2147483647;
			files = (
				67794F2E1CF737D400C15FEF /* LaunchScreen.storyboard in Resources */,
				67794F2B1CF737D400C15FEF /* Assets.xcassets in Resources */,
			);
			runOnlyForDeploymentPostprocessing = 0;
		};
/* End PBXResourcesBuildPhase section */

/* Begin PBXSourcesBuildPhase section */
		67794F1C1CF737D400C15FEF /* Sources */ = {
			isa = PBXSourcesBuildPhase;
			buildActionMask = 2147483647;
			files = (
				67794F261CF737D400C15FEF /* ViewController.swift in Sources */,
				67794F241CF737D400C15FEF /* AppDelegate.swift in Sources */,
			);
			runOnlyForDeploymentPostprocessing = 0;
		};
/* End PBXSourcesBuildPhase section */

/* Begin PBXVariantGroup section */
		67794F2C1CF737D400C15FEF /* LaunchScreen.storyboard */ = {
			isa = PBXVariantGroup;
			children = (
				67794F2D1CF737D400C15FEF /* Base */,
			);
			name = LaunchScreen.storyboard;
			sourceTree = "<group>";
		};
/* End PBXVariantGroup section */

/* Begin XCBuildConfiguration section */
		67794F301CF737D400C15FEF /* Debug */ = {
			isa = XCBuildConfiguration;
			buildSettings = {
				ALWAYS_SEARCH_USER_PATHS = NO;
				CLANG_ANALYZER_NONNULL = YES;
				CLANG_CXX_LANGUAGE_STANDARD = "gnu++0x";
				CLANG_CXX_LIBRARY = "libc++";
				CLANG_ENABLE_MODULES = YES;
				CLANG_ENABLE_OBJC_ARC = YES;
				CLANG_WARN_BOOL_CONVERSION = YES;
				CLANG_WARN_CONSTANT_CONVERSION = YES;
				CLANG_WARN_DIRECT_OBJC_ISA_USAGE = YES_ERROR;
				CLANG_WARN_EMPTY_BODY = YES;
				CLANG_WARN_ENUM_CONVERSION = YES;
				CLANG_WARN_INT_CONVERSION = YES;
				CLANG_WARN_OBJC_ROOT_CLASS = YES_ERROR;
				CLANG_WARN_UNREACHABLE_CODE = YES;
				CLANG_WARN__DUPLICATE_METHOD_MATCH = YES;
				"CODE_SIGN_IDENTITY[sdk=iphoneos*]" = "iPhone Developer";
				COPY_PHASE_STRIP = NO;
				DEBUG_INFORMATION_FORMAT = dwarf;
				ENABLE_STRICT_OBJC_MSGSEND = YES;
				ENABLE_TESTABILITY = YES;
				GCC_C_LANGUAGE_STANDARD = gnu99;
				GCC_DYNAMIC_NO_PIC = NO;
				GCC_NO_COMMON_BLOCKS = YES;
				GCC_OPTIMIZATION_LEVEL = 0;
				GCC_PREPROCESSOR_DEFINITIONS = (
					"DEBUG=1",
					"$(inherited)",
				);
				GCC_WARN_64_TO_32_BIT_CONVERSION = YES;
				GCC_WARN_ABOUT_RETURN_TYPE = YES_ERROR;
				GCC_WARN_UNDECLARED_SELECTOR = YES;
				GCC_WARN_UNINITIALIZED_AUTOS = YES_AGGRESSIVE;
				GCC_WARN_UNUSED_FUNCTION = YES;
				GCC_WARN_UNUSED_VARIABLE = YES;
				IPHONEOS_DEPLOYMENT_TARGET = 9.3;
				MTL_ENABLE_DEBUG_INFO = YES;
				ONLY_ACTIVE_ARCH = YES;
				SDKROOT = iphoneos;
				SWIFT_OPTIMIZATION_LEVEL = "-Onone";
				TARGETED_DEVICE_FAMILY = "1,2";
			};
			name = Debug;
		};
		67794F311CF737D400C15FEF /* Release */ = {
			isa = XCBuildConfiguration;
			buildSettings = {
				ALWAYS_SEARCH_USER_PATHS = NO;
				CLANG_ANALYZER_NONNULL = YES;
				CLANG_CXX_LANGUAGE_STANDARD = "gnu++0x";
				CLANG_CXX_LIBRARY = "libc++";
				CLANG_ENABLE_MODULES = YES;
				CLANG_ENABLE_OBJC_ARC = YES;
				CLANG_WARN_BOOL_CONVERSION = YES;
				CLANG_WARN_CONSTANT_CONVERSION = YES;
				CLANG_WARN_DIRECT_OBJC_ISA_USAGE = YES_ERROR;
				CLANG_WARN_EMPTY_BODY = YES;
				CLANG_WARN_ENUM_CONVERSION = YES;
				CLANG_WARN_INT_CONVERSION = YES;
				CLANG_WARN_OBJC_ROOT_CLASS = YES_ERROR;
				CLANG_WARN_UNREACHABLE_CODE = YES;
				CLANG_WARN__DUPLICATE_METHOD_MATCH = YES;
				"CODE_SIGN_IDENTITY[sdk=iphoneos*]" = "iPhone Developer";
				COPY_PHASE_STRIP = NO;
				DEBUG_INFORMATION_FORMAT = "dwarf-with-dsym";
				ENABLE_NS_ASSERTIONS = NO;
				ENABLE_STRICT_OBJC_MSGSEND = YES;
				GCC_C_LANGUAGE_STANDARD = gnu99;
				GCC_NO_COMMON_BLOCKS = YES;
				GCC_WARN_64_TO_32_BIT_CONVERSION = YES;
				GCC_WARN_ABOUT_RETURN_TYPE = YES_ERROR;
				GCC_WARN_UNDECLARED_SELECTOR = YES;
				GCC_WARN_UNINITIALIZED_AUTOS = YES_AGGRESSIVE;
				GCC_WARN_UNUSED_FUNCTION = YES;
				GCC_WARN_UNUSED_VARIABLE = YES;
				IPHONEOS_DEPLOYMENT_TARGET = 9.3;
				MTL_ENABLE_DEBUG_INFO = NO;
				SDKROOT = iphoneos;
				TARGETED_DEVICE_FAMILY = "1,2";
				VALIDATE_PRODUCT = YES;
			};
			name = Release;
		};
		67794F331CF737D400C15FEF /* Debug */ = {
			isa = XCBuildConfiguration;
			buildSettings = {
				ASSETCATALOG_COMPILER_APPICON_NAME = AppIcon;
				INFOPLIST_FILE = KeyboardScrollView/Info.plist;
				IPHONEOS_DEPLOYMENT_TARGET = 8.0;
				LD_RUNPATH_SEARCH_PATHS = "$(inherited) @executable_path/Frameworks";
				PRODUCT_BUNDLE_IDENTIFIER = com.eneff.app.KeyboardScrollView;
				PRODUCT_NAME = KeyboardScrollView;
			};
			name = Debug;
		};
		67794F341CF737D400C15FEF /* Release */ = {
			isa = XCBuildConfiguration;
			buildSettings = {
				ASSETCATALOG_COMPILER_APPICON_NAME = AppIcon;
				INFOPLIST_FILE = KeyboardScrollView/Info.plist;
				IPHONEOS_DEPLOYMENT_TARGET = 8.0;
				LD_RUNPATH_SEARCH_PATHS = "$(inherited) @executable_path/Frameworks";
				PRODUCT_BUNDLE_IDENTIFIER = com.eneff.app.KeyboardScrollView;
				PRODUCT_NAME = KeyboardScrollView;
			};
			name = Release;
		};
/* End XCBuildConfiguration section */

/* Begin XCConfigurationList section */
		67794F1B1CF737D400C15FEF /* Build configuration list for PBXProject "KeyboardScrollView" */ = {
			isa = XCConfigurationList;
			buildConfigurations = (
				67794F301CF737D400C15FEF /* Debug */,
				67794F311CF737D400C15FEF /* Release */,
			);
			defaultConfigurationIsVisible = 0;
			defaultConfigurationName = Release;
		};
		67794F321CF737D400C15FEF /* Build configuration list for PBXNativeTarget "KeyboardScrollView" */ = {
			isa = XCConfigurationList;
			buildConfigurations = (
				67794F331CF737D400C15FEF /* Debug */,
				67794F341CF737D400C15FEF /* Release */,
			);
			defaultConfigurationIsVisible = 0;
		};
/* End XCConfigurationList section */
	};
	rootObject = 67794F181CF737D400C15FEF /* Project object */;
}
